
Microsoft Visual Studio Solution File, Format Version 12.00
# Visual Studio Version 16
VisualStudioVersion = 16.0.31005.135
MinimumVisualStudioVersion = 10.0.40219.1
Project("{FAE04EC0-301F-11D3-BF4B-00C04F79EFBC}") = "ArtifactOfSequencing", "ArtifactOfSequencing.csproj", "{F79372C6-A1F3-4F5E-A784-F6C06D2ED0C4}"
EndProject
Global
	GlobalSection(SolutionConfigurationPlatforms) = preSolution
		Debug|Any CPU = Debug|Any CPU
		Release|Any CPU = Release|Any CPU
	EndGlobalSection
	GlobalSection(ProjectConfigurationPlatforms) = postSolution
		{F79372C6-A1F3-4F5E-A784-F6C06D2ED0C4}.Debug|Any CPU.ActiveCfg = Debug|Any CPU
		{F79372C6-A1F3-4F5E-A784-F6C06D2ED0C4}.Debug|Any CPU.Build.0 = Debug|Any CPU
		{F79372C6-A1F3-4F5E-A784-F6C06D2ED0C4}.Release|Any CPU.ActiveCfg = Release|Any CPU
		{F79372C6-A1F3-4F5E-A784-F6C06D2ED0C4}.Release|Any CPU.Build.0 = Release|Any CPU
	EndGlobalSection
	GlobalSection(SolutionProperties) = preSolution
		HideSolutionNode = FALSE
	EndGlobalSection
	GlobalSection(ExtensibilityGlobals) = postSolution
		SolutionGuid = {1CBC6AD0-C30C-49DF-8722-593A8A0F9DC8}
	EndGlobalSection
EndGlobal
